# THIS IS AN AUTOGENERATED FILE. DO NOT EDIT THIS FILE DIRECTLY.
# yarn lockfile v1


"@achengyu/vconsole@^0.0.2":
  version "0.0.2"
  resolved "https://registry.yarnpkg.com/@achengyu/vconsole/-/vconsole-0.0.2.tgz#d15ad9fb487650513d57b31b6bc1246770d36251"
  integrity sha512-oF1Z9QyjdhGgUyA1kvAsva33NIv1KlniFGIF/kxUM1SGfwZjKrpNsoNezsrppWu4+hzLYuX6mAUY0jUOLOcNkw==
